{
  "name": "avtec-apollo",
  "version": "0.0.1",
  "lockfileVersion": 1,
  "requires": true,
  "dependencies": {
    "@types/node": {
      "version": "9.4.7",
      "resolved": "https://registry.npmjs.org/@types/node/-/node-9.4.7.tgz",
      "integrity": "sha512-4Ba90mWNx8ddbafuyGGwjkZMigi+AWfYLSDCpovwsE63ia8w93r3oJ8PIAQc3y8U+XHcnMOHPIzNe3o438Ywcw=="
    },
    "inversify": {
      "version": "4.11.1",
      "resolved": "https://registry.npmjs.org/inversify/-/inversify-4.11.1.tgz",
      "integrity": "sha512-9bs/36crPdTSOCcoomHMb96s+B8W0+2c9dHFP/Srv9ZQaPnUvsMgzmMHfgVECqfHVUIW+M5S7SYOjoig8khWuQ=="
    },
    "reflect-metadata": {
      "version": "0.1.12",
      "resolved": "https://registry.npmjs.org/reflect-metadata/-/reflect-metadata-0.1.12.tgz",
      "integrity": "sha512-n+IyV+nGz3+0q3/Yf1ra12KpCyi001bi4XFxSjbiWWjfqb52iTTtpGXmCCAOWWIAn9KEuFZKGqBERHmrtScZ3A=="
    }
  }
}
